
Microsoft Visual Studio Solution File, Format Version 12.00
# Visual Studio Version 17
VisualStudioVersion = 17.5.002.0
MinimumVisualStudioVersion = 10.0.40219.1
Project("{9A19103F-16F7-4668-BE54-9A1E7A4F7556}") = "c#", "c#.csproj", "{CD8C29F0-73B0-44D5-AD1F-A42F46EB0EEC}"
EndProject
Global
	GlobalSection(SolutionConfigurationPlatforms) = preSolution
		Debug|Any CPU = Debug|Any CPU
		Release|Any CPU = Release|Any CPU
	EndGlobalSection
	GlobalSection(ProjectConfigurationPlatforms) = postSolution
		{CD8C29F0-73B0-44D5-AD1F-A42F46EB0EEC}.Debug|Any CPU.ActiveCfg = Debug|Any CPU
		{CD8C29F0-73B0-44D5-AD1F-A42F46EB0EEC}.Debug|Any CPU.Build.0 = Debug|Any CPU
		{CD8C29F0-73B0-44D5-AD1F-A42F46EB0EEC}.Release|Any CPU.ActiveCfg = Release|Any CPU
		{CD8C29F0-73B0-44D5-AD1F-A42F46EB0EEC}.Release|Any CPU.Build.0 = Release|Any CPU
	EndGlobalSection
	GlobalSection(SolutionProperties) = preSolution
		HideSolutionNode = FALSE
	EndGlobalSection
	GlobalSection(ExtensibilityGlobals) = postSolution
		SolutionGuid = {E96998FF-EE93-4367-B987-9CA524D77D30}
	EndGlobalSection
EndGlobal
